// !$*UTF8*$!
{
	archiveVersion = 1;
	classes = {
	};
	objectVersion = 46;
	objects = {

/* Begin PBXBuildFile section */
		66A6DBB11B5B4D8300E49A3E /* main.m in Sources */ = {isa = PBXBuildFile; fileRef = 66A6DBB01B5B4D8300E49A3E /* main.m */; };
		66A6DBB41B5B4D8300E49A3E /* AppDelegate.m in Sources */ = {isa = PBXBuildFile; fileRef = 66A6DBB31B5B4D8300E49A3E /* AppDelegate.m */; };
		66A6DBB71B5B4D8300E49A3E /* ViewController.m in Sources */ = {isa = PBXBuildFile; fileRef = 66A6DBB61B5B4D8300E49A3E /* ViewController.m */; };
		66A6DBBA1B5B4D8300E49A3E /* Main.storyboard in Resources */ = {isa = PBXBuildFile; fileRef = 66A6DBB81B5B4D8300E49A3E /* Main.storyboard */; };
		66A6DBBC1B5B4D8300E49A3E /* Images.xcassets in Resources */ = {isa = PBXBuildFile; fileRef = 66A6DBBB1B5B4D8300E49A3E /* Images.xcassets */; };
		66A6DBBF1B5B4D8300E49A3E /* LaunchScreen.xib in Resources */ = {isa = PBXBuildFile; fileRef = 66A6DBBD1B5B4D8300E49A3E /* LaunchScreen.xib */; };
		66A6DBCB1B5B4D8300E49A3E /* cyberVisionTests.m in Sources */ = {isa = PBXBuildFile; fileRef = 66A6DBCA1B5B4D8300E49A3E /* cyberVisionTests.m */; };
/* End PBXBuildFile section */

/* Begin PBXContainerItemProxy section */
		66A6DBC51B5B4D8300E49A3E /* PBXContainerItemProxy */ = {
			isa = PBXContainerItemProxy;
			containerPortal = 66A6DBA31B5B4D8300E49A3E /* Project object */;
			proxyType = 1;
			remoteGlobalIDString = 66A6DBAA1B5B4D8300E49A3E;
			remoteInfo = cyberVision;
		};
/* End PBXContainerItemProxy section */

/* Begin PBXFileReference section */
		66A6DBAB1B5B4D8300E49A3E /* cyberVision.app */ = {isa = PBXFileReference; explicitFileType = wrapper.application; includeInIndex = 0; path = cyberVision.app; sourceTree = BUILT_PRODUCTS_DIR; };
		66A6DBAF1B5B4D8300E49A3E /* Info.plist */ = {isa = PBXFileReference; lastKnownFileType = text.plist.xml; path = Info.plist; sourceTree = "<group>"; };
		66A6DBB01B5B4D8300E49A3E /* main.m */ = {isa = PBXFileReference; lastKnownFileType = sourcecode.c.objc; path = main.m; sourceTree = "<group>"; };
		66A6DBB21B5B4D8300E49A3E /* AppDelegate.h */ = {isa = PBXFileReference; lastKnownFileType = sourcecode.c.h; path = AppDelegate.h; sourceTree = "<group>"; };
		66A6DBB31B5B4D8300E49A3E /* AppDelegate.m */ = {isa = PBXFileReference; lastKnownFileType = sourcecode.c.objc; path = AppDelegate.m; sourceTree = "<group>"; };
		66A6DBB51B5B4D8300E49A3E /* ViewController.h */ = {isa = PBXFileReference; lastKnownFileType = sourcecode.c.h; path = ViewController.h; sourceTree = "<group>"; };
		66A6DBB61B5B4D8300E49A3E /* ViewController.m */ = {isa = PBXFileReference; lastKnownFileType = sourcecode.c.objc; path = ViewController.m; sourceTree = "<group>"; };
		66A6DBB91B5B4D8300E49A3E /* Base */ = {isa = PBXFileReference; lastKnownFileType = file.storyboard; name = Base; path = Base.lproj/Main.storyboard; sourceTree = "<group>"; };
		66A6DBBB1B5B4D8300E49A3E /* Images.xcassets */ = {isa = PBXFileReference; lastKnownFileType = folder.assetcatalog; path = Images.xcassets; sourceTree = "<group>"; };
		66A6DBBE1B5B4D8300E49A3E /* Base */ = {isa = PBXFileReference; lastKnownFileType = file.xib; name = Base; path = Base.lproj/LaunchScreen.xib; sourceTree = "<group>"; };
		66A6DBC41B5B4D8300E49A3E /* cyberVisionTests.xctest */ = {isa = PBXFileReference; explicitFileType = wrapper.cfbundle; includeInIndex = 0; path = cyberVisionTests.xctest; sourceTree = BUILT_PRODUCTS_DIR; };
		66A6DBC91B5B4D8300E49A3E /* Info.plist */ = {isa = PBXFileReference; lastKnownFileType = text.plist.xml; path = Info.plist; sourceTree = "<group>"; };
		66A6DBCA1B5B4D8300E49A3E /* cyberVisionTests.m */ = {isa = PBXFileReference; lastKnownFileType = sourcecode.c.objc; path = cyberVisionTests.m; sourceTree = "<group>"; };
/* End PBXFileReference section */

/* Begin PBXFrameworksBuildPhase section */
		66A6DBA81B5B4D8300E49A3E /* Frameworks */ = {
			isa = PBXFrameworksBuildPhase;
			buildActionMask = 2147483647;
			files = (
			);
			runOnlyForDeploymentPostprocessing = 0;
		};
		66A6DBC11B5B4D8300E49A3E /* Frameworks */ = {
			isa = PBXFrameworksBuildPhase;
			buildActionMask = 2147483647;
			files = (
			);
			runOnlyForDeploymentPostprocessing = 0;
		};
/* End PBXFrameworksBuildPhase section */

/* Begin PBXGroup section */
		66A6DBA21B5B4D8300E49A3E = {
			isa = PBXGroup;
			children = (
				66A6DBAD1B5B4D8300E49A3E /* cyberVision */,
				66A6DBC71B5B4D8300E49A3E /* cyberVisionTests */,
				66A6DBAC1B5B4D8300E49A3E /* Products */,
			);
			sourceTree = "<group>";
		};
		66A6DBAC1B5B4D8300E49A3E /* Products */ = {
			isa = PBXGroup;
			children = (
				66A6DBAB1B5B4D8300E49A3E /* cyberVision.app */,
				66A6DBC41B5B4D8300E49A3E /* cyberVisionTests.xctest */,
			);
			name = Products;
			sourceTree = "<group>";
		};
		66A6DBAD1B5B4D8300E49A3E /* cyberVision */ = {
			isa = PBXGroup;
			children = (
				66A6DBB21B5B4D8300E49A3E /* AppDelegate.h */,
				66A6DBB31B5B4D8300E49A3E /* AppDelegate.m */,
				66A6DBB51B5B4D8300E49A3E /* ViewController.h */,
				66A6DBB61B5B4D8300E49A3E /* ViewController.m */,
				66A6DBB81B5B4D8300E49A3E /* Main.storyboard */,
				66A6DBBB1B5B4D8300E49A3E /* Images.xcassets */,
				66A6DBBD1B5B4D8300E49A3E /* LaunchScreen.xib */,
				66A6DBAE1B5B4D8300E49A3E /* Supporting Files */,
			);
			path = cyberVision;
			sourceTree = "<group>";
		};
		66A6DBAE1B5B4D8300E49A3E /* Supporting Files */ = {
			isa = PBXGroup;
			children = (
				66A6DBAF1B5B4D8300E49A3E /* Info.plist */,
				66A6DBB01B5B4D8300E49A3E /* main.m */,
			);
			name = "Supporting Files";
			sourceTree = "<group>";
		};
		66A6DBC71B5B4D8300E49A3E /* cyberVisionTests */ = {
			isa = PBXGroup;
			children = (
				66A6DBCA1B5B4D8300E49A3E /* cyberVisionTests.m */,
				66A6DBC81B5B4D8300E49A3E /* Supporting Files */,
			);
			path = cyberVisionTests;
			sourceTree = "<group>";
		};
		66A6DBC81B5B4D8300E49A3E /* Supporting Files */ = {
			isa = PBXGroup;
			children = (
				66A6DBC91B5B4D8300E49A3E /* Info.plist */,
			);
			name = "Supporting Files";
			sourceTree = "<group>";
		};
/* End PBXGroup section */

/* Begin PBXNativeTarget section */
		66A6DBAA1B5B4D8300E49A3E /* cyberVision */ = {
			isa = PBXNativeTarget;
			buildConfigurationList = 66A6DBCE1B5B4D8300E49A3E /* Build configuration list for PBXNativeTarget "cyberVision" */;
			buildPhases = (
				66A6DBA71B5B4D8300E49A3E /* Sources */,
				66A6DBA81B5B4D8300E49A3E /* Frameworks */,
				66A6DBA91B5B4D8300E49A3E /* Resources */,
			);
			buildRules = (
			);
			dependencies = (
			);
			name = cyberVision;
			productName = cyberVision;
			productReference = 66A6DBAB1B5B4D8300E49A3E /* cyberVision.app */;
			productType = "com.apple.product-type.application";
		};
		66A6DBC31B5B4D8300E49A3E /* cyberVisionTests */ = {
			isa = PBXNativeTarget;
			buildConfigurationList = 66A6DBD11B5B4D8300E49A3E /* Build configuration list for PBXNativeTarget "cyberVisionTests" */;
			buildPhases = (
				66A6DBC01B5B4D8300E49A3E /* Sources */,
				66A6DBC11B5B4D8300E49A3E /* Frameworks */,
				66A6DBC21B5B4D8300E49A3E /* Resources */,
			);
			buildRules = (
			);
			dependencies = (
				66A6DBC61B5B4D8300E49A3E /* PBXTargetDependency */,
			);
			name = cyberVisionTests;
			productName = cyberVisionTests;
			productReference = 66A6DBC41B5B4D8300E49A3E /* cyberVisionTests.xctest */;
			productType = "com.apple.product-type.bundle.unit-test";
		};
/* End PBXNativeTarget section */

/* Begin PBXProject section */
		66A6DBA31B5B4D8300E49A3E /* Project object */ = {
			isa = PBXProject;
			attributes = {
				LastUpgradeCheck = 0620;
				ORGANIZATIONNAME = ZhangKun;
				TargetAttributes = {
					66A6DBAA1B5B4D8300E49A3E = {
						CreatedOnToolsVersion = 6.2;
					};
					66A6DBC31B5B4D8300E49A3E = {
						CreatedOnToolsVersion = 6.2;
						TestTargetID = 66A6DBAA1B5B4D8300E49A3E;
					};
				};
			};
			buildConfigurationList = 66A6DBA61B5B4D8300E49A3E /* Build configuration list for PBXProject "cyberVision" */;
			compatibilityVersion = "Xcode 3.2";
			developmentRegion = English;
			hasScannedForEncodings = 0;
			knownRegions = (
				en,
				Base,
			);
			mainGroup = 66A6DBA21B5B4D8300E49A3E;
			productRefGroup = 66A6DBAC1B5B4D8300E49A3E /* Products */;
			projectDirPath = "";
			projectRoot = "";
			targets = (
				66A6DBAA1B5B4D8300E49A3E /* cyberVision */,
				66A6DBC31B5B4D8300E49A3E /* cyberVisionTests */,
			);
		};
/* End PBXProject section */

/* Begin PBXResourcesBuildPhase section */
		66A6DBA91B5B4D8300E49A3E /* Resources */ = {
			isa = PBXResourcesBuildPhase;
			buildActionMask = 2147483647;
			files = (
				66A6DBBA1B5B4D8300E49A3E /* Main.storyboard in Resources */,
				66A6DBBF1B5B4D8300E49A3E /* LaunchScreen.xib in Resources */,
				66A6DBBC1B5B4D8300E49A3E /* Images.xcassets in Resources */,
			);
			runOnlyForDeploymentPostprocessing = 0;
		};
		66A6DBC21B5B4D8300E49A3E /* Resources */ = {
			isa = PBXResourcesBuildPhase;
			buildActionMask = 2147483647;
			files = (
			);
			runOnlyForDeploymentPostprocessing = 0;
		};
/* End PBXResourcesBuildPhase section */

/* Begin PBXSourcesBuildPhase section */
		66A6DBA71B5B4D8300E49A3E /* Sources */ = {
			isa = PBXSourcesBuildPhase;
			buildActionMask = 2147483647;
			files = (
				66A6DBB71B5B4D8300E49A3E /* ViewController.m in Sources */,
				66A6DBB41B5B4D8300E49A3E /* AppDelegate.m in Sources */,
				66A6DBB11B5B4D8300E49A3E /* main.m in Sources */,
			);
			runOnlyForDeploymentPostprocessing = 0;
		};
		66A6DBC01B5B4D8300E49A3E /* Sources */ = {
			isa = PBXSourcesBuildPhase;
			buildActionMask = 2147483647;
			files = (
				66A6DBCB1B5B4D8300E49A3E /* cyberVisionTests.m in Sources */,
			);
			runOnlyForDeploymentPostprocessing = 0;
		};
/* End PBXSourcesBuildPhase section */

/* Begin PBXTargetDependency section */
		66A6DBC61B5B4D8300E49A3E /* PBXTargetDependency */ = {
			isa = PBXTargetDependency;
			target = 66A6DBAA1B5B4D8300E49A3E /* cyberVision */;
			targetProxy = 66A6DBC51B5B4D8300E49A3E /* PBXContainerItemProxy */;
		};
/* End PBXTargetDependency section */

/* Begin PBXVariantGroup section */
		66A6DBB81B5B4D8300E49A3E /* Main.storyboard */ = {
			isa = PBXVariantGroup;
			children = (
				66A6DBB91B5B4D8300E49A3E /* Base */,
			);
			name = Main.storyboard;
			sourceTree = "<group>";
		};
		66A6DBBD1B5B4D8300E49A3E /* LaunchScreen.xib */ = {
			isa = PBXVariantGroup;
			children = (
				66A6DBBE1B5B4D8300E49A3E /* Base */,
			);
			name = LaunchScreen.xib;
			sourceTree = "<group>";
		};
/* End PBXVariantGroup section */

/* Begin XCBuildConfiguration section */
		66A6DBCC1B5B4D8300E49A3E /* Debug */ = {
			isa = XCBuildConfiguration;
			buildSettings = {
				ALWAYS_SEARCH_USER_PATHS = NO;
				CLANG_CXX_LANGUAGE_STANDARD = "gnu++0x";
				CLANG_CXX_LIBRARY = "libc++";
				CLANG_ENABLE_MODULES = YES;
				CLANG_ENABLE_OBJC_ARC = YES;
				CLANG_WARN_BOOL_CONVERSION = YES;
				CLANG_WARN_CONSTANT_CONVERSION = YES;
				CLANG_WARN_DIRECT_OBJC_ISA_USAGE = YES_ERROR;
				CLANG_WARN_EMPTY_BODY = YES;
				CLANG_WARN_ENUM_CONVERSION = YES;
				CLANG_WARN_INT_CONVERSION = YES;
				CLANG_WARN_OBJC_ROOT_CLASS = YES_ERROR;
				CLANG_WARN_UNREACHABLE_CODE = YES;
				CLANG_WARN__DUPLICATE_METHOD_MATCH = YES;
				"CODE_SIGN_IDENTITY[sdk=iphoneos*]" = "iPhone Developer";
				COPY_PHASE_STRIP = NO;
				ENABLE_STRICT_OBJC_MSGSEND = YES;
				GCC_C_LANGUAGE_STANDARD = gnu99;
				GCC_DYNAMIC_NO_PIC = NO;
				GCC_OPTIMIZATION_LEVEL = 0;
				GCC_PREPROCESSOR_DEFINITIONS = (
					"DEBUG=1",
					"$(inherited)",
				);
				GCC_SYMBOLS_PRIVATE_EXTERN = NO;
				GCC_WARN_64_TO_32_BIT_CONVERSION = YES;
				GCC_WARN_ABOUT_RETURN_TYPE = YES_ERROR;
				GCC_WARN_UNDECLARED_SELECTOR = YES;
				GCC_WARN_UNINITIALIZED_AUTOS = YES_AGGRESSIVE;
				GCC_WARN_UNUSED_FUNCTION = YES;
				GCC_WARN_UNUSED_VARIABLE = YES;
				IPHONEOS_DEPLOYMENT_TARGET = 8.2;
				MTL_ENABLE_DEBUG_INFO = YES;
				ONLY_ACTIVE_ARCH = YES;
				SDKROOT = iphoneos;
				TARGETED_DEVICE_FAMILY = "1,2";
			};
			name = Debug;
		};
		66A6DBCD1B5B4D8300E49A3E /* Release */ = {
			isa = XCBuildConfiguration;
			buildSettings = {
				ALWAYS_SEARCH_USER_PATHS = NO;
				CLANG_CXX_LANGUAGE_STANDARD = "gnu++0x";
				CLANG_CXX_LIBRARY = "libc++";
				CLANG_ENABLE_MODULES = YES;
				CLANG_ENABLE_OBJC_ARC = YES;
				CLANG_WARN_BOOL_CONVERSION = YES;
				CLANG_WARN_CONSTANT_CONVERSION = YES;
				CLANG_WARN_DIRECT_OBJC_ISA_USAGE = YES_ERROR;
				CLANG_WARN_EMPTY_BODY = YES;
				CLANG_WARN_ENUM_CONVERSION = YES;
				CLANG_WARN_INT_CONVERSION = YES;
				CLANG_WARN_OBJC_ROOT_CLASS = YES_ERROR;
				CLANG_WARN_UNREACHABLE_CODE = YES;
				CLANG_WARN__DUPLICATE_METHOD_MATCH = YES;
				"CODE_SIGN_IDENTITY[sdk=iphoneos*]" = "iPhone Developer";
				COPY_PHASE_STRIP = NO;
				ENABLE_NS_ASSERTIONS = NO;
				ENABLE_STRICT_OBJC_MSGSEND = YES;
				GCC_C_LANGUAGE_STANDARD = gnu99;
				GCC_WARN_64_TO_32_BIT_CONVERSION = YES;
				GCC_WARN_ABOUT_RETURN_TYPE = YES_ERROR;
				GCC_WARN_UNDECLARED_SELECTOR = YES;
				GCC_WARN_UNINITIALIZED_AUTOS = YES_AGGRESSIVE;
				GCC_WARN_UNUSED_FUNCTION = YES;
				GCC_WARN_UNUSED_VARIABLE = YES;
				IPHONEOS_DEPLOYMENT_TARGET = 8.2;
				MTL_ENABLE_DEBUG_INFO = NO;
				SDKROOT = iphoneos;
				TARGETED_DEVICE_FAMILY = "1,2";
				VALIDATE_PRODUCT = YES;
			};
			name = Release;
		};
		66A6DBCF1B5B4D8300E49A3E /* Debug */ = {
			isa = XCBuildConfiguration;
			buildSettings = {
				ASSETCATALOG_COMPILER_APPICON_NAME = AppIcon;
				INFOPLIST_FILE = cyberVision/Info.plist;
				LD_RUNPATH_SEARCH_PATHS = "$(inherited) @executable_path/Frameworks";
				PRODUCT_NAME = "$(TARGET_NAME)";
			};
			name = Debug;
		};
		66A6DBD01B5B4D8300E49A3E /* Release */ = {
			isa = XCBuildConfiguration;
			buildSettings = {
				ASSETCATALOG_COMPILER_APPICON_NAME = AppIcon;
				INFOPLIST_FILE = cyberVision/Info.plist;
				LD_RUNPATH_SEARCH_PATHS = "$(inherited) @executable_path/Frameworks";
				PRODUCT_NAME = "$(TARGET_NAME)";
			};
			name = Release;
		};
		66A6DBD21B5B4D8300E49A3E /* Debug */ = {
			isa = XCBuildConfiguration;
			buildSettings = {
				BUNDLE_LOADER = "$(TEST_HOST)";
				FRAMEWORK_SEARCH_PATHS = (
					"$(SDKROOT)/Developer/Library/Frameworks",
					"$(inherited)",
				);
				GCC_PREPROCESSOR_DEFINITIONS = (
					"DEBUG=1",
					"$(inherited)",
				);
				INFOPLIST_FILE = cyberVisionTests/Info.plist;
				LD_RUNPATH_SEARCH_PATHS = "$(inherited) @executable_path/Frameworks @loader_path/Frameworks";
				PRODUCT_NAME = "$(TARGET_NAME)";
				TEST_HOST = "$(BUILT_PRODUCTS_DIR)/cyberVision.app/cyberVision";
			};
			name = Debug;
		};
		66A6DBD31B5B4D8300E49A3E /* Release */ = {
			isa = XCBuildConfiguration;
			buildSettings = {
				BUNDLE_LOADER = "$(TEST_HOST)";
				FRAMEWORK_SEARCH_PATHS = (
					"$(SDKROOT)/Developer/Library/Frameworks",
					"$(inherited)",
				);
				INFOPLIST_FILE = cyberVisionTests/Info.plist;
				LD_RUNPATH_SEARCH_PATHS = "$(inherited) @executable_path/Frameworks @loader_path/Frameworks";
				PRODUCT_NAME = "$(TARGET_NAME)";
				TEST_HOST = "$(BUILT_PRODUCTS_DIR)/cyberVision.app/cyberVision";
			};
			name = Release;
		};
/* End XCBuildConfiguration section */

/* Begin XCConfigurationList section */
		66A6DBA61B5B4D8300E49A3E /* Build configuration list for PBXProject "cyberVision" */ = {
			isa = XCConfigurationList;
			buildConfigurations = (
				66A6DBCC1B5B4D8300E49A3E /* Debug */,
				66A6DBCD1B5B4D8300E49A3E /* Release */,
			);
			defaultConfigurationIsVisible = 0;
			defaultConfigurationName = Release;
		};
		66A6DBCE1B5B4D8300E49A3E /* Build configuration list for PBXNativeTarget "cyberVision" */ = {
			isa = XCConfigurationList;
			buildConfigurations = (
				66A6DBCF1B5B4D8300E49A3E /* Debug */,
				66A6DBD01B5B4D8300E49A3E /* Release */,
			);
			defaultConfigurationIsVisible = 0;
		};
		66A6DBD11B5B4D8300E49A3E /* Build configuration list for PBXNativeTarget "cyberVisionTests" */ = {
			isa = XCConfigurationList;
			buildConfigurations = (
				66A6DBD21B5B4D8300E49A3E /* Debug */,
				66A6DBD31B5B4D8300E49A3E /* Release */,
			);
			defaultConfigurationIsVisible = 0;
		};
/* End XCConfigurationList section */
	};
	rootObject = 66A6DBA31B5B4D8300E49A3E /* Project object */;
}
